
Microsoft Visual Studio Solution File, Format Version 12.00
# Visual Studio Version 17
VisualStudioVersion = 17.2.32630.192
MinimumVisualStudioVersion = 10.0.40219.1
Project("{2150E333-8FDC-42A3-9474-1A3956D46DE8}") = "src", "src", "{BF512DA8-458F-47D7-B69C-2B9AEB65131E}"
EndProject
Project("{2150E333-8FDC-42A3-9474-1A3956D46DE8}") = "tests", "tests", "{65CB2FE6-E6DB-42C4-BE2D-6F2A5F1ECF92}"
EndProject
Project("{9A19103F-16F7-4668-BE54-9A1E7A4F7556}") = "Carcass.Core", "src\Carcass.Core\Carcass.Core.csproj", "{A68A3C5F-43BA-4373-8D5F-9551CB705C5B}"
EndProject
Project("{9A19103F-16F7-4668-BE54-9A1E7A4F7556}") = "Carcass.Core.UnitTests", "tests\Carcass.Core.UnitTests\Carcass.Core.UnitTests.csproj", "{6314EA0C-516C-4AD6-A5E6-8CF4B5B26AC9}"
EndProject
Project("{2150E333-8FDC-42A3-9474-1A3956D46DE8}") = "Logging", "Logging", "{A9A6464B-439F-4CC2-AB10-7A7ADA4800C5}"
EndProject
Project("{9A19103F-16F7-4668-BE54-9A1E7A4F7556}") = "Carcass.Mapping.AutoMapper", "src\Mapping\Carcass.Mapping.AutoMapper\Carcass.Mapping.AutoMapper.csproj", "{E53167E1-B2A1-430C-8D58-95E23667E375}"
EndProject
Project("{9A19103F-16F7-4668-BE54-9A1E7A4F7556}") = "Carcass.Json.NewtonsoftJson", "src\Json\Carcass.Json.NewtonsoftJson\Carcass.Json.NewtonsoftJson.csproj", "{9F922320-1DE3-4CA9-AB99-DD746815BDE8}"
EndProject
Project("{2150E333-8FDC-42A3-9474-1A3956D46DE8}") = "Data", "Data", "{61A68D24-DE33-43E5-BCA7-070959981130}"
EndProject
Project("{9A19103F-16F7-4668-BE54-9A1E7A4F7556}") = "Carcass.Data.Core", "src\Data\Carcass.Data.Core\Carcass.Data.Core.csproj", "{6EB549A0-E282-4E6E-9E76-F3BE390CA424}"
EndProject
Project("{9A19103F-16F7-4668-BE54-9A1E7A4F7556}") = "Carcass.Data.EntityFrameworkCore", "src\Data\Carcass.Data.EntityFrameworkCore\Carcass.Data.EntityFrameworkCore.csproj", "{CAE448C0-5C3B-4B1E-94F4-39C0D35117A6}"
EndProject
Project("{9A19103F-16F7-4668-BE54-9A1E7A4F7556}") = "Carcass.Data.Elasticsearch", "src\Data\Carcass.Data.Elasticsearch\Carcass.Data.Elasticsearch.csproj", "{A986820E-C54E-4F52-A4F2-43EF3AD91294}"
EndProject
Project("{9A19103F-16F7-4668-BE54-9A1E7A4F7556}") = "Carcass.Data.MongoDb", "src\Data\Carcass.Data.MongoDb\Carcass.Data.MongoDb.csproj", "{BBDB1DDA-17BA-48AA-8637-EB0D9D1C96C4}"
EndProject
Project("{2150E333-8FDC-42A3-9474-1A3956D46DE8}") = "Mvc", "Mvc", "{DEC18F60-6B58-4B88-98D7-CCB9437FD306}"
EndProject
Project("{9A19103F-16F7-4668-BE54-9A1E7A4F7556}") = "Carcass.Mvc.Core", "src\Mvc\Carcass.Mvc.Core\Carcass.Mvc.Core.csproj", "{95F9D04B-C8ED-4163-9CD2-27A7555BDBB1}"
EndProject
Project("{9A19103F-16F7-4668-BE54-9A1E7A4F7556}") = "Carcass.DistributedCache.Redis", "src\DistributedCache\Carcass.DistributedCache.Redis\Carcass.DistributedCache.Redis.csproj", "{F07B0C25-C70E-43FA-BD8C-662AA68BA02D}"
EndProject
Project("{9A19103F-16F7-4668-BE54-9A1E7A4F7556}") = "Carcass.Swashbuckle", "src\Carcass.Swashbuckle\Carcass.Swashbuckle.csproj", "{4318D94B-243B-47C0-A843-93665D9F9003}"
EndProject
Project("{9A19103F-16F7-4668-BE54-9A1E7A4F7556}") = "Carcass.Logging.Core", "src\Logging\Carcass.Logging.Core\Carcass.Logging.Core.csproj", "{C83F2A4C-5D56-411C-9072-4805C5C9676D}"
EndProject
Project("{2150E333-8FDC-42A3-9474-1A3956D46DE8}") = "Json", "Json", "{277FA4E1-173B-4B11-A1CA-4CDC2B38920E}"
EndProject
Project("{9A19103F-16F7-4668-BE54-9A1E7A4F7556}") = "Carcass.Json.Core", "src\Json\Carcass.Json.Core\Carcass.Json.Core.csproj", "{76D0298D-1D15-49EE-9199-4A79DDF1F9D3}"
EndProject
Project("{2150E333-8FDC-42A3-9474-1A3956D46DE8}") = "Mapping", "Mapping", "{2283C9FC-F5C0-426A-9AEF-3B598DB2EB5F}"
EndProject
Project("{9A19103F-16F7-4668-BE54-9A1E7A4F7556}") = "Carcass.Mapping.Core", "src\Mapping\Carcass.Mapping.Core\Carcass.Mapping.Core.csproj", "{938FD902-8C1D-47FB-8EC6-C32D2CD5C058}"
EndProject
Project("{9A19103F-16F7-4668-BE54-9A1E7A4F7556}") = "Carcass.Json.SystemTextJson", "src\Json\Carcass.Json.SystemTextJson\Carcass.Json.SystemTextJson.csproj", "{0F2CA50F-61ED-412F-9E82-C46440DB4421}"
EndProject
Project("{9A19103F-16F7-4668-BE54-9A1E7A4F7556}") = "Carcass.Multitenancy.Core", "src\Multitenancy\Carcass.Multitenancy.Core\Carcass.Multitenancy.Core.csproj", "{5A8C4EDE-6085-47B1-A502-31FCEB2E19FA}"
EndProject
Project("{2150E333-8FDC-42A3-9474-1A3956D46DE8}") = "Yaml", "Yaml", "{83DD4D69-AAE2-4F4A-948D-08D5517D2473}"
EndProject
Project("{9A19103F-16F7-4668-BE54-9A1E7A4F7556}") = "Carcass.Yaml.Core", "src\Yaml\Carcass.Yaml.Core\Carcass.Yaml.Core.csproj", "{832A9F9F-53CB-4CED-A869-9DA1E91E27F1}"
EndProject
Project("{9A19103F-16F7-4668-BE54-9A1E7A4F7556}") = "Carcass.Yaml.YamlDotNet", "src\Yaml\Carcass.Yaml.YamlDotNet\Carcass.Yaml.YamlDotNet.csproj", "{DABE2913-C88E-4F2A-B1E7-845F65A5F26D}"
EndProject
Project("{2150E333-8FDC-42A3-9474-1A3956D46DE8}") = "DistributedCache", "DistributedCache", "{0E4B5A26-AF8A-486E-B99C-E3D5B7D0D14C}"
EndProject
Project("{9A19103F-16F7-4668-BE54-9A1E7A4F7556}") = "Carcass.DistributedCache.Core", "src\DistributedCache\Carcass.DistributedCache.Core\Carcass.DistributedCache.Core.csproj", "{E696139E-743B-4603-9EF7-09784F7ECA8A}"
EndProject
Project("{9A19103F-16F7-4668-BE54-9A1E7A4F7556}") = "Carcass.Data.EventStoreDb", "src\Data\Carcass.Data.EventStoreDb\Carcass.Data.EventStoreDb.csproj", "{6B02D698-349A-46D5-9309-04AD8D879957}"
EndProject
Project("{2150E333-8FDC-42A3-9474-1A3956D46DE8}") = "Multitenancy", "Multitenancy", "{9378839E-8B73-4169-9FEC-ACE3D80DED93}"
EndProject
Project("{9A19103F-16F7-4668-BE54-9A1E7A4F7556}") = "Carcass.Metadata", "src\Carcass.Metadata\Carcass.Metadata.csproj", "{3E263E9A-7C5C-4450-9C3E-4A1EF75A54CE}"
EndProject
Project("{9A19103F-16F7-4668-BE54-9A1E7A4F7556}") = "Carcass.SignalR", "src\Carcass.SignalR\Carcass.SignalR.csproj", "{DD2872BC-4313-4DD1-A9DA-214E7819ED69}"
EndProject
Global
	GlobalSection(SolutionConfigurationPlatforms) = preSolution
		Debug|Any CPU = Debug|Any CPU
		Release|Any CPU = Release|Any CPU
	EndGlobalSection
	GlobalSection(ProjectConfigurationPlatforms) = postSolution
		{A68A3C5F-43BA-4373-8D5F-9551CB705C5B}.Debug|Any CPU.ActiveCfg = Debug|Any CPU
		{A68A3C5F-43BA-4373-8D5F-9551CB705C5B}.Debug|Any CPU.Build.0 = Debug|Any CPU
		{A68A3C5F-43BA-4373-8D5F-9551CB705C5B}.Release|Any CPU.ActiveCfg = Release|Any CPU
		{A68A3C5F-43BA-4373-8D5F-9551CB705C5B}.Release|Any CPU.Build.0 = Release|Any CPU
		{6314EA0C-516C-4AD6-A5E6-8CF4B5B26AC9}.Debug|Any CPU.ActiveCfg = Debug|Any CPU
		{6314EA0C-516C-4AD6-A5E6-8CF4B5B26AC9}.Debug|Any CPU.Build.0 = Debug|Any CPU
		{6314EA0C-516C-4AD6-A5E6-8CF4B5B26AC9}.Release|Any CPU.ActiveCfg = Release|Any CPU
		{6314EA0C-516C-4AD6-A5E6-8CF4B5B26AC9}.Release|Any CPU.Build.0 = Release|Any CPU
		{E53167E1-B2A1-430C-8D58-95E23667E375}.Debug|Any CPU.ActiveCfg = Debug|Any CPU
		{E53167E1-B2A1-430C-8D58-95E23667E375}.Debug|Any CPU.Build.0 = Debug|Any CPU
		{E53167E1-B2A1-430C-8D58-95E23667E375}.Release|Any CPU.ActiveCfg = Release|Any CPU
		{E53167E1-B2A1-430C-8D58-95E23667E375}.Release|Any CPU.Build.0 = Release|Any CPU
		{9F922320-1DE3-4CA9-AB99-DD746815BDE8}.Debug|Any CPU.ActiveCfg = Debug|Any CPU
		{9F922320-1DE3-4CA9-AB99-DD746815BDE8}.Debug|Any CPU.Build.0 = Debug|Any CPU
		{9F922320-1DE3-4CA9-AB99-DD746815BDE8}.Release|Any CPU.ActiveCfg = Release|Any CPU
		{9F922320-1DE3-4CA9-AB99-DD746815BDE8}.Release|Any CPU.Build.0 = Release|Any CPU
		{6EB549A0-E282-4E6E-9E76-F3BE390CA424}.Debug|Any CPU.ActiveCfg = Debug|Any CPU
		{6EB549A0-E282-4E6E-9E76-F3BE390CA424}.Debug|Any CPU.Build.0 = Debug|Any CPU
		{6EB549A0-E282-4E6E-9E76-F3BE390CA424}.Release|Any CPU.ActiveCfg = Release|Any CPU
		{6EB549A0-E282-4E6E-9E76-F3BE390CA424}.Release|Any CPU.Build.0 = Release|Any CPU
		{CAE448C0-5C3B-4B1E-94F4-39C0D35117A6}.Debug|Any CPU.ActiveCfg = Debug|Any CPU
		{CAE448C0-5C3B-4B1E-94F4-39C0D35117A6}.Debug|Any CPU.Build.0 = Debug|Any CPU
		{CAE448C0-5C3B-4B1E-94F4-39C0D35117A6}.Release|Any CPU.ActiveCfg = Release|Any CPU
		{CAE448C0-5C3B-4B1E-94F4-39C0D35117A6}.Release|Any CPU.Build.0 = Release|Any CPU
		{A986820E-C54E-4F52-A4F2-43EF3AD91294}.Debug|Any CPU.ActiveCfg = Debug|Any CPU
		{A986820E-C54E-4F52-A4F2-43EF3AD91294}.Debug|Any CPU.Build.0 = Debug|Any CPU
		{A986820E-C54E-4F52-A4F2-43EF3AD91294}.Release|Any CPU.ActiveCfg = Release|Any CPU
		{A986820E-C54E-4F52-A4F2-43EF3AD91294}.Release|Any CPU.Build.0 = Release|Any CPU
		{BBDB1DDA-17BA-48AA-8637-EB0D9D1C96C4}.Debug|Any CPU.ActiveCfg = Debug|Any CPU
		{BBDB1DDA-17BA-48AA-8637-EB0D9D1C96C4}.Debug|Any CPU.Build.0 = Debug|Any CPU
		{BBDB1DDA-17BA-48AA-8637-EB0D9D1C96C4}.Release|Any CPU.ActiveCfg = Release|Any CPU
		{BBDB1DDA-17BA-48AA-8637-EB0D9D1C96C4}.Release|Any CPU.Build.0 = Release|Any CPU
		{95F9D04B-C8ED-4163-9CD2-27A7555BDBB1}.Debug|Any CPU.ActiveCfg = Debug|Any CPU
		{95F9D04B-C8ED-4163-9CD2-27A7555BDBB1}.Debug|Any CPU.Build.0 = Debug|Any CPU
		{95F9D04B-C8ED-4163-9CD2-27A7555BDBB1}.Release|Any CPU.ActiveCfg = Release|Any CPU
		{95F9D04B-C8ED-4163-9CD2-27A7555BDBB1}.Release|Any CPU.Build.0 = Release|Any CPU
		{F07B0C25-C70E-43FA-BD8C-662AA68BA02D}.Debug|Any CPU.ActiveCfg = Debug|Any CPU
		{F07B0C25-C70E-43FA-BD8C-662AA68BA02D}.Debug|Any CPU.Build.0 = Debug|Any CPU
		{F07B0C25-C70E-43FA-BD8C-662AA68BA02D}.Release|Any CPU.ActiveCfg = Release|Any CPU
		{F07B0C25-C70E-43FA-BD8C-662AA68BA02D}.Release|Any CPU.Build.0 = Release|Any CPU
		{4318D94B-243B-47C0-A843-93665D9F9003}.Debug|Any CPU.ActiveCfg = Debug|Any CPU
		{4318D94B-243B-47C0-A843-93665D9F9003}.Debug|Any CPU.Build.0 = Debug|Any CPU
		{4318D94B-243B-47C0-A843-93665D9F9003}.Release|Any CPU.ActiveCfg = Release|Any CPU
		{4318D94B-243B-47C0-A843-93665D9F9003}.Release|Any CPU.Build.0 = Release|Any CPU
		{C83F2A4C-5D56-411C-9072-4805C5C9676D}.Debug|Any CPU.ActiveCfg = Debug|Any CPU
		{C83F2A4C-5D56-411C-9072-4805C5C9676D}.Debug|Any CPU.Build.0 = Debug|Any CPU
		{C83F2A4C-5D56-411C-9072-4805C5C9676D}.Release|Any CPU.ActiveCfg = Release|Any CPU
		{C83F2A4C-5D56-411C-9072-4805C5C9676D}.Release|Any CPU.Build.0 = Release|Any CPU
		{76D0298D-1D15-49EE-9199-4A79DDF1F9D3}.Debug|Any CPU.ActiveCfg = Debug|Any CPU
		{76D0298D-1D15-49EE-9199-4A79DDF1F9D3}.Debug|Any CPU.Build.0 = Debug|Any CPU
		{76D0298D-1D15-49EE-9199-4A79DDF1F9D3}.Release|Any CPU.ActiveCfg = Release|Any CPU
		{76D0298D-1D15-49EE-9199-4A79DDF1F9D3}.Release|Any CPU.Build.0 = Release|Any CPU
		{938FD902-8C1D-47FB-8EC6-C32D2CD5C058}.Debug|Any CPU.ActiveCfg = Debug|Any CPU
		{938FD902-8C1D-47FB-8EC6-C32D2CD5C058}.Debug|Any CPU.Build.0 = Debug|Any CPU
		{938FD902-8C1D-47FB-8EC6-C32D2CD5C058}.Release|Any CPU.ActiveCfg = Release|Any CPU
		{938FD902-8C1D-47FB-8EC6-C32D2CD5C058}.Release|Any CPU.Build.0 = Release|Any CPU
		{0F2CA50F-61ED-412F-9E82-C46440DB4421}.Debug|Any CPU.ActiveCfg = Debug|Any CPU
		{0F2CA50F-61ED-412F-9E82-C46440DB4421}.Debug|Any CPU.Build.0 = Debug|Any CPU
		{0F2CA50F-61ED-412F-9E82-C46440DB4421}.Release|Any CPU.ActiveCfg = Release|Any CPU
		{0F2CA50F-61ED-412F-9E82-C46440DB4421}.Release|Any CPU.Build.0 = Release|Any CPU
		{5A8C4EDE-6085-47B1-A502-31FCEB2E19FA}.Debug|Any CPU.ActiveCfg = Debug|Any CPU
		{5A8C4EDE-6085-47B1-A502-31FCEB2E19FA}.Debug|Any CPU.Build.0 = Debug|Any CPU
		{5A8C4EDE-6085-47B1-A502-31FCEB2E19FA}.Release|Any CPU.ActiveCfg = Release|Any CPU
		{5A8C4EDE-6085-47B1-A502-31FCEB2E19FA}.Release|Any CPU.Build.0 = Release|Any CPU
		{832A9F9F-53CB-4CED-A869-9DA1E91E27F1}.Debug|Any CPU.ActiveCfg = Debug|Any CPU
		{832A9F9F-53CB-4CED-A869-9DA1E91E27F1}.Debug|Any CPU.Build.0 = Debug|Any CPU
		{832A9F9F-53CB-4CED-A869-9DA1E91E27F1}.Release|Any CPU.ActiveCfg = Release|Any CPU
		{832A9F9F-53CB-4CED-A869-9DA1E91E27F1}.Release|Any CPU.Build.0 = Release|Any CPU
		{DABE2913-C88E-4F2A-B1E7-845F65A5F26D}.Debug|Any CPU.ActiveCfg = Debug|Any CPU
		{DABE2913-C88E-4F2A-B1E7-845F65A5F26D}.Debug|Any CPU.Build.0 = Debug|Any CPU
		{DABE2913-C88E-4F2A-B1E7-845F65A5F26D}.Release|Any CPU.ActiveCfg = Release|Any CPU
		{DABE2913-C88E-4F2A-B1E7-845F65A5F26D}.Release|Any CPU.Build.0 = Release|Any CPU
		{E696139E-743B-4603-9EF7-09784F7ECA8A}.Debug|Any CPU.ActiveCfg = Debug|Any CPU
		{E696139E-743B-4603-9EF7-09784F7ECA8A}.Debug|Any CPU.Build.0 = Debug|Any CPU
		{E696139E-743B-4603-9EF7-09784F7ECA8A}.Release|Any CPU.ActiveCfg = Release|Any CPU
		{E696139E-743B-4603-9EF7-09784F7ECA8A}.Release|Any CPU.Build.0 = Release|Any CPU
		{6B02D698-349A-46D5-9309-04AD8D879957}.Debug|Any CPU.ActiveCfg = Debug|Any CPU
		{6B02D698-349A-46D5-9309-04AD8D879957}.Debug|Any CPU.Build.0 = Debug|Any CPU
		{6B02D698-349A-46D5-9309-04AD8D879957}.Release|Any CPU.ActiveCfg = Release|Any CPU
		{6B02D698-349A-46D5-9309-04AD8D879957}.Release|Any CPU.Build.0 = Release|Any CPU
		{3E263E9A-7C5C-4450-9C3E-4A1EF75A54CE}.Debug|Any CPU.ActiveCfg = Debug|Any CPU
		{3E263E9A-7C5C-4450-9C3E-4A1EF75A54CE}.Debug|Any CPU.Build.0 = Debug|Any CPU
		{3E263E9A-7C5C-4450-9C3E-4A1EF75A54CE}.Release|Any CPU.ActiveCfg = Release|Any CPU
		{3E263E9A-7C5C-4450-9C3E-4A1EF75A54CE}.Release|Any CPU.Build.0 = Release|Any CPU
		{DD2872BC-4313-4DD1-A9DA-214E7819ED69}.Debug|Any CPU.ActiveCfg = Debug|Any CPU
		{DD2872BC-4313-4DD1-A9DA-214E7819ED69}.Debug|Any CPU.Build.0 = Debug|Any CPU
		{DD2872BC-4313-4DD1-A9DA-214E7819ED69}.Release|Any CPU.ActiveCfg = Release|Any CPU
		{DD2872BC-4313-4DD1-A9DA-214E7819ED69}.Release|Any CPU.Build.0 = Release|Any CPU
	EndGlobalSection
	GlobalSection(SolutionProperties) = preSolution
		HideSolutionNode = FALSE
	EndGlobalSection
	GlobalSection(NestedProjects) = preSolution
		{A68A3C5F-43BA-4373-8D5F-9551CB705C5B} = {BF512DA8-458F-47D7-B69C-2B9AEB65131E}
		{6314EA0C-516C-4AD6-A5E6-8CF4B5B26AC9} = {65CB2FE6-E6DB-42C4-BE2D-6F2A5F1ECF92}
		{A9A6464B-439F-4CC2-AB10-7A7ADA4800C5} = {BF512DA8-458F-47D7-B69C-2B9AEB65131E}
		{E53167E1-B2A1-430C-8D58-95E23667E375} = {2283C9FC-F5C0-426A-9AEF-3B598DB2EB5F}
		{9F922320-1DE3-4CA9-AB99-DD746815BDE8} = {277FA4E1-173B-4B11-A1CA-4CDC2B38920E}
		{61A68D24-DE33-43E5-BCA7-070959981130} = {BF512DA8-458F-47D7-B69C-2B9AEB65131E}
		{6EB549A0-E282-4E6E-9E76-F3BE390CA424} = {61A68D24-DE33-43E5-BCA7-070959981130}
		{CAE448C0-5C3B-4B1E-94F4-39C0D35117A6} = {61A68D24-DE33-43E5-BCA7-070959981130}
		{A986820E-C54E-4F52-A4F2-43EF3AD91294} = {61A68D24-DE33-43E5-BCA7-070959981130}
		{BBDB1DDA-17BA-48AA-8637-EB0D9D1C96C4} = {61A68D24-DE33-43E5-BCA7-070959981130}
		{DEC18F60-6B58-4B88-98D7-CCB9437FD306} = {BF512DA8-458F-47D7-B69C-2B9AEB65131E}
		{95F9D04B-C8ED-4163-9CD2-27A7555BDBB1} = {DEC18F60-6B58-4B88-98D7-CCB9437FD306}
		{F07B0C25-C70E-43FA-BD8C-662AA68BA02D} = {0E4B5A26-AF8A-486E-B99C-E3D5B7D0D14C}
		{4318D94B-243B-47C0-A843-93665D9F9003} = {BF512DA8-458F-47D7-B69C-2B9AEB65131E}
		{C83F2A4C-5D56-411C-9072-4805C5C9676D} = {A9A6464B-439F-4CC2-AB10-7A7ADA4800C5}
		{277FA4E1-173B-4B11-A1CA-4CDC2B38920E} = {BF512DA8-458F-47D7-B69C-2B9AEB65131E}
		{76D0298D-1D15-49EE-9199-4A79DDF1F9D3} = {277FA4E1-173B-4B11-A1CA-4CDC2B38920E}
		{2283C9FC-F5C0-426A-9AEF-3B598DB2EB5F} = {BF512DA8-458F-47D7-B69C-2B9AEB65131E}
		{938FD902-8C1D-47FB-8EC6-C32D2CD5C058} = {2283C9FC-F5C0-426A-9AEF-3B598DB2EB5F}
		{0F2CA50F-61ED-412F-9E82-C46440DB4421} = {277FA4E1-173B-4B11-A1CA-4CDC2B38920E}
		{5A8C4EDE-6085-47B1-A502-31FCEB2E19FA} = {9378839E-8B73-4169-9FEC-ACE3D80DED93}
		{83DD4D69-AAE2-4F4A-948D-08D5517D2473} = {BF512DA8-458F-47D7-B69C-2B9AEB65131E}
		{832A9F9F-53CB-4CED-A869-9DA1E91E27F1} = {83DD4D69-AAE2-4F4A-948D-08D5517D2473}
		{DABE2913-C88E-4F2A-B1E7-845F65A5F26D} = {83DD4D69-AAE2-4F4A-948D-08D5517D2473}
		{0E4B5A26-AF8A-486E-B99C-E3D5B7D0D14C} = {BF512DA8-458F-47D7-B69C-2B9AEB65131E}
		{E696139E-743B-4603-9EF7-09784F7ECA8A} = {0E4B5A26-AF8A-486E-B99C-E3D5B7D0D14C}
		{6B02D698-349A-46D5-9309-04AD8D879957} = {61A68D24-DE33-43E5-BCA7-070959981130}
		{9378839E-8B73-4169-9FEC-ACE3D80DED93} = {BF512DA8-458F-47D7-B69C-2B9AEB65131E}
		{3E263E9A-7C5C-4450-9C3E-4A1EF75A54CE} = {BF512DA8-458F-47D7-B69C-2B9AEB65131E}
		{DD2872BC-4313-4DD1-A9DA-214E7819ED69} = {BF512DA8-458F-47D7-B69C-2B9AEB65131E}
	EndGlobalSection
	GlobalSection(ExtensibilityGlobals) = postSolution
		SolutionGuid = {17270BF5-EC0A-4530-AABB-2473823DBA7B}
	EndGlobalSection
EndGlobal
